// !$*UTF8*$!
{
	archiveVersion = 1;
	classes = {
	};
	objectVersion = 48;
	objects = {

/* Begin PBXBuildFile section */
		5539FBB82012870700BACEBA /* AppDelegate.swift in Sources */ = {isa = PBXBuildFile; fileRef = 5539FBB72012870700BACEBA /* AppDelegate.swift */; };
		5539FBBF2012870700BACEBA /* Assets.xcassets in Resources */ = {isa = PBXBuildFile; fileRef = 5539FBBE2012870700BACEBA /* Assets.xcassets */; };
		5539FBC22012870700BACEBA /* LaunchScreen.storyboard in Resources */ = {isa = PBXBuildFile; fileRef = 5539FBC02012870700BACEBA /* LaunchScreen.storyboard */; };
		5539FBCA2012871900BACEBA /* SizingView.swift in Sources */ = {isa = PBXBuildFile; fileRef = 5539FBC92012871900BACEBA /* SizingView.swift */; };
		5539FBD02012873800BACEBA /* UIView+constrainToEdges.swift in Sources */ = {isa = PBXBuildFile; fileRef = 5539FBCB2012873700BACEBA /* UIView+constrainToEdges.swift */; };
		5539FBD12012873800BACEBA /* ColorPicker.swift in Sources */ = {isa = PBXBuildFile; fileRef = 5539FBCC2012873700BACEBA /* ColorPicker.swift */; };
		5539FBD22012873800BACEBA /* GradientView.swift in Sources */ = {isa = PBXBuildFile; fileRef = 5539FBCD2012873700BACEBA /* GradientView.swift */; };
		5539FBD32012873800BACEBA /* UIView+addSubviews.swift in Sources */ = {isa = PBXBuildFile; fileRef = 5539FBCE2012873700BACEBA /* UIView+addSubviews.swift */; };
		5539FBD42012873800BACEBA /* ColorControlSlider.swift in Sources */ = {isa = PBXBuildFile; fileRef = 5539FBCF2012873800BACEBA /* ColorControlSlider.swift */; };
		5539FBD6201289EE00BACEBA /* FireworksViewController.swift in Sources */ = {isa = PBXBuildFile; fileRef = 5539FBD5201289EE00BACEBA /* FireworksViewController.swift */; };
		5539FBD82012A34600BACEBA /* InstructionsController.swift in Sources */ = {isa = PBXBuildFile; fileRef = 5539FBD72012A34600BACEBA /* InstructionsController.swift */; };
		5539FBDA2012B78400BACEBA /* FireworkPickerController.swift in Sources */ = {isa = PBXBuildFile; fileRef = 5539FBD92012B78400BACEBA /* FireworkPickerController.swift */; };
		5539FBDC2012B7BE00BACEBA /* Firework.swift in Sources */ = {isa = PBXBuildFile; fileRef = 5539FBDB2012B7BE00BACEBA /* Firework.swift */; };
		5539FBDE2012B92300BACEBA /* FireworksScene.swift in Sources */ = {isa = PBXBuildFile; fileRef = 5539FBDD2012B92300BACEBA /* FireworksScene.swift */; };
		55F66D9B2013A30100C4D621 /* SparkEmitter.sks in Resources */ = {isa = PBXBuildFile; fileRef = 55F66D9A2013A30100C4D621 /* SparkEmitter.sks */; };
		55F66D9D2013D1CB00C4D621 /* Firework.sks in Resources */ = {isa = PBXBuildFile; fileRef = 55F66D9C2013D1CB00C4D621 /* Firework.sks */; };
		55F66DA12013D70900C4D621 /* SKAction+Repeat.swift in Sources */ = {isa = PBXBuildFile; fileRef = 55F66DA02013D70900C4D621 /* SKAction+Repeat.swift */; };
		55F66DA32013DE6100C4D621 /* SizzlingSparkSound.wav in Resources */ = {isa = PBXBuildFile; fileRef = 55F66DA22013DE6100C4D621 /* SizzlingSparkSound.wav */; };
		55F66DA52013F14100C4D621 /* FireworkSound.wav in Resources */ = {isa = PBXBuildFile; fileRef = 55F66DA42013F14100C4D621 /* FireworkSound.wav */; };
/* End PBXBuildFile section */

/* Begin PBXFileReference section */
		5539FBB42012870700BACEBA /* Fireworks.app */ = {isa = PBXFileReference; explicitFileType = wrapper.application; includeInIndex = 0; path = Fireworks.app; sourceTree = BUILT_PRODUCTS_DIR; };
		5539FBB72012870700BACEBA /* AppDelegate.swift */ = {isa = PBXFileReference; lastKnownFileType = sourcecode.swift; path = AppDelegate.swift; sourceTree = "<group>"; };
		5539FBBE2012870700BACEBA /* Assets.xcassets */ = {isa = PBXFileReference; lastKnownFileType = folder.assetcatalog; path = Assets.xcassets; sourceTree = "<group>"; };
		5539FBC12012870700BACEBA /* Base */ = {isa = PBXFileReference; lastKnownFileType = file.storyboard; name = Base; path = Base.lproj/LaunchScreen.storyboard; sourceTree = "<group>"; };
		5539FBC32012870700BACEBA /* Info.plist */ = {isa = PBXFileReference; lastKnownFileType = text.plist.xml; path = Info.plist; sourceTree = "<group>"; };
		5539FBC92012871900BACEBA /* SizingView.swift */ = {isa = PBXFileReference; fileEncoding = 4; lastKnownFileType = sourcecode.swift; path = SizingView.swift; sourceTree = "<group>"; };
		5539FBCB2012873700BACEBA /* UIView+constrainToEdges.swift */ = {isa = PBXFileReference; fileEncoding = 4; lastKnownFileType = sourcecode.swift; path = "UIView+constrainToEdges.swift"; sourceTree = "<group>"; };
		5539FBCC2012873700BACEBA /* ColorPicker.swift */ = {isa = PBXFileReference; fileEncoding = 4; lastKnownFileType = sourcecode.swift; path = ColorPicker.swift; sourceTree = "<group>"; };
		5539FBCD2012873700BACEBA /* GradientView.swift */ = {isa = PBXFileReference; fileEncoding = 4; lastKnownFileType = sourcecode.swift; path = GradientView.swift; sourceTree = "<group>"; };
		5539FBCE2012873700BACEBA /* UIView+addSubviews.swift */ = {isa = PBXFileReference; fileEncoding = 4; lastKnownFileType = sourcecode.swift; path = "UIView+addSubviews.swift"; sourceTree = "<group>"; };
		5539FBCF2012873800BACEBA /* ColorControlSlider.swift */ = {isa = PBXFileReference; fileEncoding = 4; lastKnownFileType = sourcecode.swift; path = ColorControlSlider.swift; sourceTree = "<group>"; };
		5539FBD5201289EE00BACEBA /* FireworksViewController.swift */ = {isa = PBXFileReference; lastKnownFileType = sourcecode.swift; path = FireworksViewController.swift; sourceTree = "<group>"; };
		5539FBD72012A34600BACEBA /* InstructionsController.swift */ = {isa = PBXFileReference; lastKnownFileType = sourcecode.swift; path = InstructionsController.swift; sourceTree = "<group>"; };
		5539FBD92012B78400BACEBA /* FireworkPickerController.swift */ = {isa = PBXFileReference; lastKnownFileType = sourcecode.swift; path = FireworkPickerController.swift; sourceTree = "<group>"; };
		5539FBDB2012B7BE00BACEBA /* Firework.swift */ = {isa = PBXFileReference; lastKnownFileType = sourcecode.swift; path = Firework.swift; sourceTree = "<group>"; };
		5539FBDD2012B92300BACEBA /* FireworksScene.swift */ = {isa = PBXFileReference; lastKnownFileType = sourcecode.swift; path = FireworksScene.swift; sourceTree = "<group>"; };
		55F66D9A2013A30100C4D621 /* SparkEmitter.sks */ = {isa = PBXFileReference; lastKnownFileType = file.sks; path = SparkEmitter.sks; sourceTree = "<group>"; };
		55F66D9C2013D1CB00C4D621 /* Firework.sks */ = {isa = PBXFileReference; lastKnownFileType = file.sks; path = Firework.sks; sourceTree = "<group>"; };
		55F66DA02013D70900C4D621 /* SKAction+Repeat.swift */ = {isa = PBXFileReference; lastKnownFileType = sourcecode.swift; path = "SKAction+Repeat.swift"; sourceTree = "<group>"; };
		55F66DA22013DE6100C4D621 /* SizzlingSparkSound.wav */ = {isa = PBXFileReference; lastKnownFileType = audio.wav; path = SizzlingSparkSound.wav; sourceTree = "<group>"; };
		55F66DA42013F14100C4D621 /* FireworkSound.wav */ = {isa = PBXFileReference; lastKnownFileType = audio.wav; path = FireworkSound.wav; sourceTree = "<group>"; };
/* End PBXFileReference section */

/* Begin PBXFrameworksBuildPhase section */
		5539FBB12012870700BACEBA /* Frameworks */ = {
			isa = PBXFrameworksBuildPhase;
			buildActionMask = 2147483647;
			files = (
			);
			runOnlyForDeploymentPostprocessing = 0;
		};
/* End PBXFrameworksBuildPhase section */

/* Begin PBXGroup section */
		5539FBAB2012870700BACEBA = {
			isa = PBXGroup;
			children = (
				5539FBB62012870700BACEBA /* Fireworks */,
				5539FBB52012870700BACEBA /* Products */,
			);
			sourceTree = "<group>";
		};
		5539FBB52012870700BACEBA /* Products */ = {
			isa = PBXGroup;
			children = (
				5539FBB42012870700BACEBA /* Fireworks.app */,
			);
			name = Products;
			sourceTree = "<group>";
		};
		5539FBB62012870700BACEBA /* Fireworks */ = {
			isa = PBXGroup;
			children = (
				5539FBB72012870700BACEBA /* AppDelegate.swift */,
				5539FBD5201289EE00BACEBA /* FireworksViewController.swift */,
				5539FBD72012A34600BACEBA /* InstructionsController.swift */,
				5539FBD92012B78400BACEBA /* FireworkPickerController.swift */,
				5539FBDD2012B92300BACEBA /* FireworksScene.swift */,
				55F66D9C2013D1CB00C4D621 /* Firework.sks */,
				55F66D9A2013A30100C4D621 /* SparkEmitter.sks */,
				5539FBC92012871900BACEBA /* SizingView.swift */,
				5539FBCC2012873700BACEBA /* ColorPicker.swift */,
				5539FBCF2012873800BACEBA /* ColorControlSlider.swift */,
				5539FBCD2012873700BACEBA /* GradientView.swift */,
				5539FBCE2012873700BACEBA /* UIView+addSubviews.swift */,
				5539FBCB2012873700BACEBA /* UIView+constrainToEdges.swift */,
				55F66DA02013D70900C4D621 /* SKAction+Repeat.swift */,
				5539FBDB2012B7BE00BACEBA /* Firework.swift */,
				55F66DA42013F14100C4D621 /* FireworkSound.wav */,
				55F66DA22013DE6100C4D621 /* SizzlingSparkSound.wav */,
				5539FBBE2012870700BACEBA /* Assets.xcassets */,
				5539FBC02012870700BACEBA /* LaunchScreen.storyboard */,
				5539FBC32012870700BACEBA /* Info.plist */,
			);
			path = Fireworks;
			sourceTree = "<group>";
		};
/* End PBXGroup section */

/* Begin PBXNativeTarget section */
		5539FBB32012870700BACEBA /* Fireworks */ = {
			isa = PBXNativeTarget;
			buildConfigurationList = 5539FBC62012870700BACEBA /* Build configuration list for PBXNativeTarget "Fireworks" */;
			buildPhases = (
				5539FBB02012870700BACEBA /* Sources */,
				5539FBB12012870700BACEBA /* Frameworks */,
				5539FBB22012870700BACEBA /* Resources */,
			);
			buildRules = (
			);
			dependencies = (
			);
			name = Fireworks;
			productName = Fireworks;
			productReference = 5539FBB42012870700BACEBA /* Fireworks.app */;
			productType = "com.apple.product-type.application";
		};
/* End PBXNativeTarget section */

/* Begin PBXProject section */
		5539FBAC2012870700BACEBA /* Project object */ = {
			isa = PBXProject;
			attributes = {
				LastSwiftUpdateCheck = 0920;
				LastUpgradeCheck = 0920;
				ORGANIZATIONNAME = "Grant Emerson";
				TargetAttributes = {
					5539FBB32012870700BACEBA = {
						CreatedOnToolsVersion = 9.2;
						ProvisioningStyle = Automatic;
					};
				};
			};
			buildConfigurationList = 5539FBAF2012870700BACEBA /* Build configuration list for PBXProject "Fireworks" */;
			compatibilityVersion = "Xcode 8.0";
			developmentRegion = en;
			hasScannedForEncodings = 0;
			knownRegions = (
				en,
				Base,
			);
			mainGroup = 5539FBAB2012870700BACEBA;
			productRefGroup = 5539FBB52012870700BACEBA /* Products */;
			projectDirPath = "";
			projectRoot = "";
			targets = (
				5539FBB32012870700BACEBA /* Fireworks */,
			);
		};
/* End PBXProject section */

/* Begin PBXResourcesBuildPhase section */
		5539FBB22012870700BACEBA /* Resources */ = {
			isa = PBXResourcesBuildPhase;
			buildActionMask = 2147483647;
			files = (
				55F66D9D2013D1CB00C4D621 /* Firework.sks in Resources */,
				5539FBC22012870700BACEBA /* LaunchScreen.storyboard in Resources */,
				55F66DA32013DE6100C4D621 /* SizzlingSparkSound.wav in Resources */,
				55F66DA52013F14100C4D621 /* FireworkSound.wav in Resources */,
				55F66D9B2013A30100C4D621 /* SparkEmitter.sks in Resources */,
				5539FBBF2012870700BACEBA /* Assets.xcassets in Resources */,
			);
			runOnlyForDeploymentPostprocessing = 0;
		};
/* End PBXResourcesBuildPhase section */

/* Begin PBXSourcesBuildPhase section */
		5539FBB02012870700BACEBA /* Sources */ = {
			isa = PBXSourcesBuildPhase;
			buildActionMask = 2147483647;
			files = (
				5539FBD02012873800BACEBA /* UIView+constrainToEdges.swift in Sources */,
				5539FBDE2012B92300BACEBA /* FireworksScene.swift in Sources */,
				5539FBD22012873800BACEBA /* GradientView.swift in Sources */,
				5539FBD12012873800BACEBA /* ColorPicker.swift in Sources */,
				55F66DA12013D70900C4D621 /* SKAction+Repeat.swift in Sources */,
				5539FBD82012A34600BACEBA /* InstructionsController.swift in Sources */,
				5539FBDA2012B78400BACEBA /* FireworkPickerController.swift in Sources */,
				5539FBD6201289EE00BACEBA /* FireworksViewController.swift in Sources */,
				5539FBCA2012871900BACEBA /* SizingView.swift in Sources */,
				5539FBD32012873800BACEBA /* UIView+addSubviews.swift in Sources */,
				5539FBD42012873800BACEBA /* ColorControlSlider.swift in Sources */,
				5539FBB82012870700BACEBA /* AppDelegate.swift in Sources */,
				5539FBDC2012B7BE00BACEBA /* Firework.swift in Sources */,
			);
			runOnlyForDeploymentPostprocessing = 0;
		};
/* End PBXSourcesBuildPhase section */

/* Begin PBXVariantGroup section */
		5539FBC02012870700BACEBA /* LaunchScreen.storyboard */ = {
			isa = PBXVariantGroup;
			children = (
				5539FBC12012870700BACEBA /* Base */,
			);
			name = LaunchScreen.storyboard;
			sourceTree = "<group>";
		};
/* End PBXVariantGroup section */

/* Begin XCBuildConfiguration section */
		5539FBC42012870700BACEBA /* Debug */ = {
			isa = XCBuildConfiguration;
			buildSettings = {
				ALWAYS_SEARCH_USER_PATHS = NO;
				CLANG_ANALYZER_NONNULL = YES;
				CLANG_ANALYZER_NUMBER_OBJECT_CONVERSION = YES_AGGRESSIVE;
				CLANG_CXX_LANGUAGE_STANDARD = "gnu++14";
				CLANG_CXX_LIBRARY = "libc++";
				CLANG_ENABLE_MODULES = YES;
				CLANG_ENABLE_OBJC_ARC = YES;
				CLANG_WARN_BLOCK_CAPTURE_AUTORELEASING = YES;
				CLANG_WARN_BOOL_CONVERSION = YES;
				CLANG_WARN_COMMA = YES;
				CLANG_WARN_CONSTANT_CONVERSION = YES;
				CLANG_WARN_DIRECT_OBJC_ISA_USAGE = YES_ERROR;
				CLANG_WARN_DOCUMENTATION_COMMENTS = YES;
				CLANG_WARN_EMPTY_BODY = YES;
				CLANG_WARN_ENUM_CONVERSION = YES;
				CLANG_WARN_INFINITE_RECURSION = YES;
				CLANG_WARN_INT_CONVERSION = YES;
				CLANG_WARN_NON_LITERAL_NULL_CONVERSION = YES;
				CLANG_WARN_OBJC_LITERAL_CONVERSION = YES;
				CLANG_WARN_OBJC_ROOT_CLASS = YES_ERROR;
				CLANG_WARN_RANGE_LOOP_ANALYSIS = YES;
				CLANG_WARN_STRICT_PROTOTYPES = YES;
				CLANG_WARN_SUSPICIOUS_MOVE = YES;
				CLANG_WARN_UNGUARDED_AVAILABILITY = YES_AGGRESSIVE;
				CLANG_WARN_UNREACHABLE_CODE = YES;
				CLANG_WARN__DUPLICATE_METHOD_MATCH = YES;
				CODE_SIGN_IDENTITY = "iPhone Developer";
				COPY_PHASE_STRIP = NO;
				DEBUG_INFORMATION_FORMAT = dwarf;
				ENABLE_STRICT_OBJC_MSGSEND = YES;
				ENABLE_TESTABILITY = YES;
				GCC_C_LANGUAGE_STANDARD = gnu11;
				GCC_DYNAMIC_NO_PIC = NO;
				GCC_NO_COMMON_BLOCKS = YES;
				GCC_OPTIMIZATION_LEVEL = 0;
				GCC_PREPROCESSOR_DEFINITIONS = (
					"DEBUG=1",
					"$(inherited)",
				);
				GCC_WARN_64_TO_32_BIT_CONVERSION = YES;
				GCC_WARN_ABOUT_RETURN_TYPE = YES_ERROR;
				GCC_WARN_UNDECLARED_SELECTOR = YES;
				GCC_WARN_UNINITIALIZED_AUTOS = YES_AGGRESSIVE;
				GCC_WARN_UNUSED_FUNCTION = YES;
				GCC_WARN_UNUSED_VARIABLE = YES;
				IPHONEOS_DEPLOYMENT_TARGET = 11.2;
				MTL_ENABLE_DEBUG_INFO = YES;
				ONLY_ACTIVE_ARCH = YES;
				SDKROOT = iphoneos;
				SWIFT_ACTIVE_COMPILATION_CONDITIONS = DEBUG;
				SWIFT_OPTIMIZATION_LEVEL = "-Onone";
			};
			name = Debug;
		};
		5539FBC52012870700BACEBA /* Release */ = {
			isa = XCBuildConfiguration;
			buildSettings = {
				ALWAYS_SEARCH_USER_PATHS = NO;
				CLANG_ANALYZER_NONNULL = YES;
				CLANG_ANALYZER_NUMBER_OBJECT_CONVERSION = YES_AGGRESSIVE;
				CLANG_CXX_LANGUAGE_STANDARD = "gnu++14";
				CLANG_CXX_LIBRARY = "libc++";
				CLANG_ENABLE_MODULES = YES;
				CLANG_ENABLE_OBJC_ARC = YES;
				CLANG_WARN_BLOCK_CAPTURE_AUTORELEASING = YES;
				CLANG_WARN_BOOL_CONVERSION = YES;
				CLANG_WARN_COMMA = YES;
				CLANG_WARN_CONSTANT_CONVERSION = YES;
				CLANG_WARN_DIRECT_OBJC_ISA_USAGE = YES_ERROR;
				CLANG_WARN_DOCUMENTATION_COMMENTS = YES;
				CLANG_WARN_EMPTY_BODY = YES;
				CLANG_WARN_ENUM_CONVERSION = YES;
				CLANG_WARN_INFINITE_RECURSION = YES;
				CLANG_WARN_INT_CONVERSION = YES;
				CLANG_WARN_NON_LITERAL_NULL_CONVERSION = YES;
				CLANG_WARN_OBJC_LITERAL_CONVERSION = YES;
				CLANG_WARN_OBJC_ROOT_CLASS = YES_ERROR;
				CLANG_WARN_RANGE_LOOP_ANALYSIS = YES;
				CLANG_WARN_STRICT_PROTOTYPES = YES;
				CLANG_WARN_SUSPICIOUS_MOVE = YES;
				CLANG_WARN_UNGUARDED_AVAILABILITY = YES_AGGRESSIVE;
				CLANG_WARN_UNREACHABLE_CODE = YES;
				CLANG_WARN__DUPLICATE_METHOD_MATCH = YES;
				CODE_SIGN_IDENTITY = "iPhone Developer";
				COPY_PHASE_STRIP = NO;
				DEBUG_INFORMATION_FORMAT = "dwarf-with-dsym";
				ENABLE_NS_ASSERTIONS = NO;
				ENABLE_STRICT_OBJC_MSGSEND = YES;
				GCC_C_LANGUAGE_STANDARD = gnu11;
				GCC_NO_COMMON_BLOCKS = YES;
				GCC_WARN_64_TO_32_BIT_CONVERSION = YES;
				GCC_WARN_ABOUT_RETURN_TYPE = YES_ERROR;
				GCC_WARN_UNDECLARED_SELECTOR = YES;
				GCC_WARN_UNINITIALIZED_AUTOS = YES_AGGRESSIVE;
				GCC_WARN_UNUSED_FUNCTION = YES;
				GCC_WARN_UNUSED_VARIABLE = YES;
				IPHONEOS_DEPLOYMENT_TARGET = 11.2;
				MTL_ENABLE_DEBUG_INFO = NO;
				SDKROOT = iphoneos;
				SWIFT_OPTIMIZATION_LEVEL = "-Owholemodule";
				VALIDATE_PRODUCT = YES;
			};
			name = Release;
		};
		5539FBC72012870700BACEBA /* Debug */ = {
			isa = XCBuildConfiguration;
			buildSettings = {
				ASSETCATALOG_COMPILER_APPICON_NAME = AppIcon;
				CODE_SIGN_STYLE = Automatic;
				DEVELOPMENT_TEAM = ZYV5DKZMAY;
				INFOPLIST_FILE = Fireworks/Info.plist;
				IPHONEOS_DEPLOYMENT_TARGET = 9.3;
				LD_RUNPATH_SEARCH_PATHS = "$(inherited) @executable_path/Frameworks";
				PRODUCT_BUNDLE_IDENTIFIER = com.CelebrityGames.Fireworks;
				PRODUCT_NAME = "$(TARGET_NAME)";
				SWIFT_VERSION = 4.0;
				TARGETED_DEVICE_FAMILY = "1,2";
			};
			name = Debug;
		};
		5539FBC82012870700BACEBA /* Release */ = {
			isa = XCBuildConfiguration;
			buildSettings = {
				ASSETCATALOG_COMPILER_APPICON_NAME = AppIcon;
				CODE_SIGN_STYLE = Automatic;
				DEVELOPMENT_TEAM = ZYV5DKZMAY;
				INFOPLIST_FILE = Fireworks/Info.plist;
				IPHONEOS_DEPLOYMENT_TARGET = 9.3;
				LD_RUNPATH_SEARCH_PATHS = "$(inherited) @executable_path/Frameworks";
				PRODUCT_BUNDLE_IDENTIFIER = com.CelebrityGames.Fireworks;
				PRODUCT_NAME = "$(TARGET_NAME)";
				SWIFT_VERSION = 4.0;
				TARGETED_DEVICE_FAMILY = "1,2";
			};
			name = Release;
		};
/* End XCBuildConfiguration section */

/* Begin XCConfigurationList section */
		5539FBAF2012870700BACEBA /* Build configuration list for PBXProject "Fireworks" */ = {
			isa = XCConfigurationList;
			buildConfigurations = (
				5539FBC42012870700BACEBA /* Debug */,
				5539FBC52012870700BACEBA /* Release */,
			);
			defaultConfigurationIsVisible = 0;
			defaultConfigurationName = Release;
		};
		5539FBC62012870700BACEBA /* Build configuration list for PBXNativeTarget "Fireworks" */ = {
			isa = XCConfigurationList;
			buildConfigurations = (
				5539FBC72012870700BACEBA /* Debug */,
				5539FBC82012870700BACEBA /* Release */,
			);
			defaultConfigurationIsVisible = 0;
			defaultConfigurationName = Release;
		};
/* End XCConfigurationList section */
	};
	rootObject = 5539FBAC2012870700BACEBA /* Project object */;
}
