// !$*UTF8*$!
{
	archiveVersion = 1;
	classes = {
	};
	objectVersion = 48;
	objects = {

/* Begin PBXBuildFile section */
		5521393C208D162900E804C9 /* UIView+SafeAnchors.swift in Sources */ = {isa = PBXBuildFile; fileRef = 5521393B208D162900E804C9 /* UIView+SafeAnchors.swift */; };
		5531977E2058A3E3004A8352 /* CulturalExplorationViewController.swift in Sources */ = {isa = PBXBuildFile; fileRef = 553197792058A3E2004A8352 /* CulturalExplorationViewController.swift */; };
		5531977F2058A3E3004A8352 /* FireworksViewController.swift in Sources */ = {isa = PBXBuildFile; fileRef = 5531977A2058A3E2004A8352 /* FireworksViewController.swift */; };
		553197802058A3E3004A8352 /* InstructionsController.swift in Sources */ = {isa = PBXBuildFile; fileRef = 5531977B2058A3E3004A8352 /* InstructionsController.swift */; };
		553197812058A3E3004A8352 /* CultureCollectionViewLayout.swift in Sources */ = {isa = PBXBuildFile; fileRef = 5531977C2058A3E3004A8352 /* CultureCollectionViewLayout.swift */; };
		553197822058A3E3004A8352 /* FireworkPickerController.swift in Sources */ = {isa = PBXBuildFile; fileRef = 5531977D2058A3E3004A8352 /* FireworkPickerController.swift */; };
		553197922058A43D004A8352 /* FireworksScene.swift in Sources */ = {isa = PBXBuildFile; fileRef = 5531978F2058A43C004A8352 /* FireworksScene.swift */; };
		5531979F2058A51B004A8352 /* BigO.sks in Resources */ = {isa = PBXBuildFile; fileRef = 553197892058A43A004A8352 /* BigO.sks */; };
		553197A02058A51B004A8352 /* BigO.wav in Resources */ = {isa = PBXBuildFile; fileRef = 5531978A2058A43B004A8352 /* BigO.wav */; };
		553197A12058A51B004A8352 /* Classic.sks in Resources */ = {isa = PBXBuildFile; fileRef = 5531978E2058A43C004A8352 /* Classic.sks */; };
		553197A22058A51B004A8352 /* Classic.wav in Resources */ = {isa = PBXBuildFile; fileRef = 5531978B2058A43B004A8352 /* Classic.wav */; };
		553197A32058A51B004A8352 /* Crackle.sks in Resources */ = {isa = PBXBuildFile; fileRef = 553197882058A43A004A8352 /* Crackle.sks */; };
		553197A42058A51B004A8352 /* Crackle.wav in Resources */ = {isa = PBXBuildFile; fileRef = 5531978D2058A43B004A8352 /* Crackle.wav */; };
		553197A52058A51B004A8352 /* FireworkSmokeEmitter.sks in Resources */ = {isa = PBXBuildFile; fileRef = 553197902058A43C004A8352 /* FireworkSmokeEmitter.sks */; };
		553197A62058A51B004A8352 /* RapidFire.sks in Resources */ = {isa = PBXBuildFile; fileRef = 5531978C2058A43B004A8352 /* RapidFire.sks */; };
		553197A72058A51B004A8352 /* RapidFire.wav in Resources */ = {isa = PBXBuildFile; fileRef = 553197862058A439004A8352 /* RapidFire.wav */; };
		553197A82058A51B004A8352 /* SizzlingSparkSound.wav in Resources */ = {isa = PBXBuildFile; fileRef = 553197872058A439004A8352 /* SizzlingSparkSound.wav */; };
		553197A92058A51B004A8352 /* SparkEmitter.sks in Resources */ = {isa = PBXBuildFile; fileRef = 553197912058A43D004A8352 /* SparkEmitter.sks */; };
		553197B52058A5FD004A8352 /* UIColor+ColorSet.swift in Sources */ = {isa = PBXBuildFile; fileRef = 553197AA2058A5FC004A8352 /* UIColor+ColorSet.swift */; };
		553197B62058A5FD004A8352 /* UIColor+Random.swift in Sources */ = {isa = PBXBuildFile; fileRef = 553197AB2058A5FC004A8352 /* UIColor+Random.swift */; };
		553197B72058A5FD004A8352 /* CGPoint+Random.swift in Sources */ = {isa = PBXBuildFile; fileRef = 553197AC2058A5FC004A8352 /* CGPoint+Random.swift */; };
		553197B82058A5FD004A8352 /* UIView+addSubviews.swift in Sources */ = {isa = PBXBuildFile; fileRef = 553197AD2058A5FC004A8352 /* UIView+addSubviews.swift */; };
		553197B92058A5FD004A8352 /* UIColor+ChemicalFormula.swift in Sources */ = {isa = PBXBuildFile; fileRef = 553197AE2058A5FD004A8352 /* UIColor+ChemicalFormula.swift */; };
		553197BA2058A5FD004A8352 /* CGFloat+RandomDecimal.swift in Sources */ = {isa = PBXBuildFile; fileRef = 553197AF2058A5FD004A8352 /* CGFloat+RandomDecimal.swift */; };
		553197BB2058A5FD004A8352 /* UIView+constrainToEdges.swift in Sources */ = {isa = PBXBuildFile; fileRef = 553197B02058A5FD004A8352 /* UIView+constrainToEdges.swift */; };
		553197BC2058A5FD004A8352 /* UIColor+Subtraction.swift in Sources */ = {isa = PBXBuildFile; fileRef = 553197B12058A5FD004A8352 /* UIColor+Subtraction.swift */; };
		553197BD2058A5FD004A8352 /* SKAction+Repeat.swift in Sources */ = {isa = PBXBuildFile; fileRef = 553197B22058A5FD004A8352 /* SKAction+Repeat.swift */; };
		553197BE2058A5FD004A8352 /* UIViewController+PresentAsPopUp.swift in Sources */ = {isa = PBXBuildFile; fileRef = 553197B32058A5FD004A8352 /* UIViewController+PresentAsPopUp.swift */; };
		553197BF2058A5FD004A8352 /* CGFloat+Positive.swift in Sources */ = {isa = PBXBuildFile; fileRef = 553197B42058A5FD004A8352 /* CGFloat+Positive.swift */; };
		5539FBB82012870700BACEBA /* AppDelegate.swift in Sources */ = {isa = PBXBuildFile; fileRef = 5539FBB72012870700BACEBA /* AppDelegate.swift */; };
		5539FBBF2012870700BACEBA /* Assets.xcassets in Resources */ = {isa = PBXBuildFile; fileRef = 5539FBBE2012870700BACEBA /* Assets.xcassets */; };
		5539FBC22012870700BACEBA /* LaunchScreen.storyboard in Resources */ = {isa = PBXBuildFile; fileRef = 5539FBC02012870700BACEBA /* LaunchScreen.storyboard */; };
		5539FBCA2012871900BACEBA /* SizingView.swift in Sources */ = {isa = PBXBuildFile; fileRef = 5539FBC92012871900BACEBA /* SizingView.swift */; };
		5539FBD12012873800BACEBA /* ColorPicker.swift in Sources */ = {isa = PBXBuildFile; fileRef = 5539FBCC2012873700BACEBA /* ColorPicker.swift */; };
		5539FBD22012873800BACEBA /* GradientView.swift in Sources */ = {isa = PBXBuildFile; fileRef = 5539FBCD2012873700BACEBA /* GradientView.swift */; };
		5539FBD42012873800BACEBA /* ColorControlSlider.swift in Sources */ = {isa = PBXBuildFile; fileRef = 5539FBCF2012873800BACEBA /* ColorControlSlider.swift */; };
		5539FBDC2012B7BE00BACEBA /* Firework.swift in Sources */ = {isa = PBXBuildFile; fileRef = 5539FBDB2012B7BE00BACEBA /* Firework.swift */; };
		55658DEE201565310094F8EB /* CultureExplorationCollectionViewCell.swift in Sources */ = {isa = PBXBuildFile; fileRef = 55658DED201565310094F8EB /* CultureExplorationCollectionViewCell.swift */; };
		55658DF020156EF10094F8EB /* Country.swift in Sources */ = {isa = PBXBuildFile; fileRef = 55658DEF20156EF10094F8EB /* Country.swift */; };
/* End PBXBuildFile section */

/* Begin PBXFileReference section */
		5521393B208D162900E804C9 /* UIView+SafeAnchors.swift */ = {isa = PBXFileReference; lastKnownFileType = sourcecode.swift; path = "UIView+SafeAnchors.swift"; sourceTree = "<group>"; };
		553197792058A3E2004A8352 /* CulturalExplorationViewController.swift */ = {isa = PBXFileReference; lastKnownFileType = sourcecode.swift; path = CulturalExplorationViewController.swift; sourceTree = "<group>"; };
		5531977A2058A3E2004A8352 /* FireworksViewController.swift */ = {isa = PBXFileReference; lastKnownFileType = sourcecode.swift; path = FireworksViewController.swift; sourceTree = "<group>"; };
		5531977B2058A3E3004A8352 /* InstructionsController.swift */ = {isa = PBXFileReference; lastKnownFileType = sourcecode.swift; path = InstructionsController.swift; sourceTree = "<group>"; };
		5531977C2058A3E3004A8352 /* CultureCollectionViewLayout.swift */ = {isa = PBXFileReference; lastKnownFileType = sourcecode.swift; path = CultureCollectionViewLayout.swift; sourceTree = "<group>"; };
		5531977D2058A3E3004A8352 /* FireworkPickerController.swift */ = {isa = PBXFileReference; lastKnownFileType = sourcecode.swift; path = FireworkPickerController.swift; sourceTree = "<group>"; };
		553197862058A439004A8352 /* RapidFire.wav */ = {isa = PBXFileReference; lastKnownFileType = audio.wav; path = RapidFire.wav; sourceTree = "<group>"; };
		553197872058A439004A8352 /* SizzlingSparkSound.wav */ = {isa = PBXFileReference; lastKnownFileType = audio.wav; path = SizzlingSparkSound.wav; sourceTree = "<group>"; };
		553197882058A43A004A8352 /* Crackle.sks */ = {isa = PBXFileReference; lastKnownFileType = file.sks; path = Crackle.sks; sourceTree = "<group>"; };
		553197892058A43A004A8352 /* BigO.sks */ = {isa = PBXFileReference; lastKnownFileType = file.sks; path = BigO.sks; sourceTree = "<group>"; };
		5531978A2058A43B004A8352 /* BigO.wav */ = {isa = PBXFileReference; lastKnownFileType = audio.wav; path = BigO.wav; sourceTree = "<group>"; };
		5531978B2058A43B004A8352 /* Classic.wav */ = {isa = PBXFileReference; lastKnownFileType = audio.wav; path = Classic.wav; sourceTree = "<group>"; };
		5531978C2058A43B004A8352 /* RapidFire.sks */ = {isa = PBXFileReference; lastKnownFileType = file.sks; path = RapidFire.sks; sourceTree = "<group>"; };
		5531978D2058A43B004A8352 /* Crackle.wav */ = {isa = PBXFileReference; lastKnownFileType = audio.wav; path = Crackle.wav; sourceTree = "<group>"; };
		5531978E2058A43C004A8352 /* Classic.sks */ = {isa = PBXFileReference; lastKnownFileType = file.sks; path = Classic.sks; sourceTree = "<group>"; };
		5531978F2058A43C004A8352 /* FireworksScene.swift */ = {isa = PBXFileReference; lastKnownFileType = sourcecode.swift; path = FireworksScene.swift; sourceTree = "<group>"; };
		553197902058A43C004A8352 /* FireworkSmokeEmitter.sks */ = {isa = PBXFileReference; lastKnownFileType = file.sks; path = FireworkSmokeEmitter.sks; sourceTree = "<group>"; };
		553197912058A43D004A8352 /* SparkEmitter.sks */ = {isa = PBXFileReference; lastKnownFileType = file.sks; path = SparkEmitter.sks; sourceTree = "<group>"; };
		553197AA2058A5FC004A8352 /* UIColor+ColorSet.swift */ = {isa = PBXFileReference; fileEncoding = 4; lastKnownFileType = sourcecode.swift; path = "UIColor+ColorSet.swift"; sourceTree = "<group>"; };
		553197AB2058A5FC004A8352 /* UIColor+Random.swift */ = {isa = PBXFileReference; fileEncoding = 4; lastKnownFileType = sourcecode.swift; path = "UIColor+Random.swift"; sourceTree = "<group>"; };
		553197AC2058A5FC004A8352 /* CGPoint+Random.swift */ = {isa = PBXFileReference; fileEncoding = 4; lastKnownFileType = sourcecode.swift; path = "CGPoint+Random.swift"; sourceTree = "<group>"; };
		553197AD2058A5FC004A8352 /* UIView+addSubviews.swift */ = {isa = PBXFileReference; fileEncoding = 4; lastKnownFileType = sourcecode.swift; path = "UIView+addSubviews.swift"; sourceTree = "<group>"; };
		553197AE2058A5FD004A8352 /* UIColor+ChemicalFormula.swift */ = {isa = PBXFileReference; fileEncoding = 4; lastKnownFileType = sourcecode.swift; path = "UIColor+ChemicalFormula.swift"; sourceTree = "<group>"; };
		553197AF2058A5FD004A8352 /* CGFloat+RandomDecimal.swift */ = {isa = PBXFileReference; fileEncoding = 4; lastKnownFileType = sourcecode.swift; path = "CGFloat+RandomDecimal.swift"; sourceTree = "<group>"; };
		553197B02058A5FD004A8352 /* UIView+constrainToEdges.swift */ = {isa = PBXFileReference; fileEncoding = 4; lastKnownFileType = sourcecode.swift; path = "UIView+constrainToEdges.swift"; sourceTree = "<group>"; };
		553197B12058A5FD004A8352 /* UIColor+Subtraction.swift */ = {isa = PBXFileReference; fileEncoding = 4; lastKnownFileType = sourcecode.swift; path = "UIColor+Subtraction.swift"; sourceTree = "<group>"; };
		553197B22058A5FD004A8352 /* SKAction+Repeat.swift */ = {isa = PBXFileReference; fileEncoding = 4; lastKnownFileType = sourcecode.swift; path = "SKAction+Repeat.swift"; sourceTree = "<group>"; };
		553197B32058A5FD004A8352 /* UIViewController+PresentAsPopUp.swift */ = {isa = PBXFileReference; fileEncoding = 4; lastKnownFileType = sourcecode.swift; path = "UIViewController+PresentAsPopUp.swift"; sourceTree = "<group>"; };
		553197B42058A5FD004A8352 /* CGFloat+Positive.swift */ = {isa = PBXFileReference; fileEncoding = 4; lastKnownFileType = sourcecode.swift; path = "CGFloat+Positive.swift"; sourceTree = "<group>"; };
		5539FBB42012870700BACEBA /* Fireworks.app */ = {isa = PBXFileReference; explicitFileType = wrapper.application; includeInIndex = 0; path = Fireworks.app; sourceTree = BUILT_PRODUCTS_DIR; };
		5539FBB72012870700BACEBA /* AppDelegate.swift */ = {isa = PBXFileReference; lastKnownFileType = sourcecode.swift; path = AppDelegate.swift; sourceTree = "<group>"; };
		5539FBBE2012870700BACEBA /* Assets.xcassets */ = {isa = PBXFileReference; lastKnownFileType = folder.assetcatalog; path = Assets.xcassets; sourceTree = "<group>"; };
		5539FBC12012870700BACEBA /* Base */ = {isa = PBXFileReference; lastKnownFileType = file.storyboard; name = Base; path = Base.lproj/LaunchScreen.storyboard; sourceTree = "<group>"; };
		5539FBC32012870700BACEBA /* Info.plist */ = {isa = PBXFileReference; lastKnownFileType = text.plist.xml; path = Info.plist; sourceTree = "<group>"; };
		5539FBC92012871900BACEBA /* SizingView.swift */ = {isa = PBXFileReference; fileEncoding = 4; lastKnownFileType = sourcecode.swift; path = SizingView.swift; sourceTree = "<group>"; };
		5539FBCC2012873700BACEBA /* ColorPicker.swift */ = {isa = PBXFileReference; fileEncoding = 4; lastKnownFileType = sourcecode.swift; path = ColorPicker.swift; sourceTree = "<group>"; };
		5539FBCD2012873700BACEBA /* GradientView.swift */ = {isa = PBXFileReference; fileEncoding = 4; lastKnownFileType = sourcecode.swift; path = GradientView.swift; sourceTree = "<group>"; };
		5539FBCF2012873800BACEBA /* ColorControlSlider.swift */ = {isa = PBXFileReference; fileEncoding = 4; lastKnownFileType = sourcecode.swift; path = ColorControlSlider.swift; sourceTree = "<group>"; };
		5539FBDB2012B7BE00BACEBA /* Firework.swift */ = {isa = PBXFileReference; lastKnownFileType = sourcecode.swift; path = Firework.swift; sourceTree = "<group>"; };
		55658DED201565310094F8EB /* CultureExplorationCollectionViewCell.swift */ = {isa = PBXFileReference; lastKnownFileType = sourcecode.swift; path = CultureExplorationCollectionViewCell.swift; sourceTree = "<group>"; };
		55658DEF20156EF10094F8EB /* Country.swift */ = {isa = PBXFileReference; lastKnownFileType = sourcecode.swift; path = Country.swift; sourceTree = "<group>"; };
/* End PBXFileReference section */

/* Begin PBXFrameworksBuildPhase section */
		5539FBB12012870700BACEBA /* Frameworks */ = {
			isa = PBXFrameworksBuildPhase;
			buildActionMask = 2147483647;
			files = (
			);
			runOnlyForDeploymentPostprocessing = 0;
		};
/* End PBXFrameworksBuildPhase section */

/* Begin PBXGroup section */
		5521393D208D163100E804C9 /* UIView Extensions */ = {
			isa = PBXGroup;
			children = (
				553197AD2058A5FC004A8352 /* UIView+addSubviews.swift */,
				553197B02058A5FD004A8352 /* UIView+constrainToEdges.swift */,
				553197B32058A5FD004A8352 /* UIViewController+PresentAsPopUp.swift */,
				5521393B208D162900E804C9 /* UIView+SafeAnchors.swift */,
			);
			path = "UIView Extensions";
			sourceTree = "<group>";
		};
		5521393E208D164300E804C9 /* UIColor Extensions */ = {
			isa = PBXGroup;
			children = (
				553197AE2058A5FD004A8352 /* UIColor+ChemicalFormula.swift */,
				553197AA2058A5FC004A8352 /* UIColor+ColorSet.swift */,
				553197AB2058A5FC004A8352 /* UIColor+Random.swift */,
				553197B12058A5FD004A8352 /* UIColor+Subtraction.swift */,
			);
			path = "UIColor Extensions";
			sourceTree = "<group>";
		};
		5521393F208D165400E804C9 /* Core Graphics Extensions */ = {
			isa = PBXGroup;
			children = (
				553197B42058A5FD004A8352 /* CGFloat+Positive.swift */,
				553197AF2058A5FD004A8352 /* CGFloat+RandomDecimal.swift */,
				553197AC2058A5FC004A8352 /* CGPoint+Random.swift */,
			);
			path = "Core Graphics Extensions";
			sourceTree = "<group>";
		};
		55213940208D165F00E804C9 /* Sprite Kit Extensions */ = {
			isa = PBXGroup;
			children = (
				553197B22058A5FD004A8352 /* SKAction+Repeat.swift */,
			);
			path = "Sprite Kit Extensions";
			sourceTree = "<group>";
		};
		553197852058A422004A8352 /* View Controllers */ = {
			isa = PBXGroup;
			children = (
				553197792058A3E2004A8352 /* CulturalExplorationViewController.swift */,
				5531977C2058A3E3004A8352 /* CultureCollectionViewLayout.swift */,
				5531977D2058A3E3004A8352 /* FireworkPickerController.swift */,
				5531977A2058A3E2004A8352 /* FireworksViewController.swift */,
				5531977B2058A3E3004A8352 /* InstructionsController.swift */,
			);
			path = "View Controllers";
			sourceTree = "<group>";
		};
		553197932058A446004A8352 /* Fireworks Game Scene */ = {
			isa = PBXGroup;
			children = (
				553197892058A43A004A8352 /* BigO.sks */,
				5531978A2058A43B004A8352 /* BigO.wav */,
				5531978E2058A43C004A8352 /* Classic.sks */,
				5531978B2058A43B004A8352 /* Classic.wav */,
				553197882058A43A004A8352 /* Crackle.sks */,
				5531978D2058A43B004A8352 /* Crackle.wav */,
				553197902058A43C004A8352 /* FireworkSmokeEmitter.sks */,
				5531978F2058A43C004A8352 /* FireworksScene.swift */,
				5531978C2058A43B004A8352 /* RapidFire.sks */,
				553197862058A439004A8352 /* RapidFire.wav */,
				553197872058A439004A8352 /* SizzlingSparkSound.wav */,
				553197912058A43D004A8352 /* SparkEmitter.sks */,
			);
			path = "Fireworks Game Scene";
			sourceTree = "<group>";
		};
		5539FBAB2012870700BACEBA = {
			isa = PBXGroup;
			children = (
				5539FBB62012870700BACEBA /* Fireworks */,
				5539FBB52012870700BACEBA /* Products */,
			);
			sourceTree = "<group>";
		};
		5539FBB52012870700BACEBA /* Products */ = {
			isa = PBXGroup;
			children = (
				5539FBB42012870700BACEBA /* Fireworks.app */,
			);
			name = Products;
			sourceTree = "<group>";
		};
		5539FBB62012870700BACEBA /* Fireworks */ = {
			isa = PBXGroup;
			children = (
				55F66DB120141F6300C4D621 /* Supporting Files */,
				553197932058A446004A8352 /* Fireworks Game Scene */,
				553197852058A422004A8352 /* View Controllers */,
				55F66DAD20141EFE00C4D621 /* Custom Views */,
				55F66DAC20141EEE00C4D621 /* Extensions */,
				55F66DAE20141F0800C4D621 /* Data Structures */,
			);
			path = Fireworks;
			sourceTree = "<group>";
		};
		55F66DAC20141EEE00C4D621 /* Extensions */ = {
			isa = PBXGroup;
			children = (
				5521393F208D165400E804C9 /* Core Graphics Extensions */,
				55213940208D165F00E804C9 /* Sprite Kit Extensions */,
				5521393E208D164300E804C9 /* UIColor Extensions */,
				5521393D208D163100E804C9 /* UIView Extensions */,
			);
			path = Extensions;
			sourceTree = "<group>";
		};
		55F66DAD20141EFE00C4D621 /* Custom Views */ = {
			isa = PBXGroup;
			children = (
				5539FBC92012871900BACEBA /* SizingView.swift */,
				5539FBCC2012873700BACEBA /* ColorPicker.swift */,
				5539FBCF2012873800BACEBA /* ColorControlSlider.swift */,
				5539FBCD2012873700BACEBA /* GradientView.swift */,
				55658DED201565310094F8EB /* CultureExplorationCollectionViewCell.swift */,
			);
			path = "Custom Views";
			sourceTree = "<group>";
		};
		55F66DAE20141F0800C4D621 /* Data Structures */ = {
			isa = PBXGroup;
			children = (
				5539FBDB2012B7BE00BACEBA /* Firework.swift */,
				55658DEF20156EF10094F8EB /* Country.swift */,
			);
			path = "Data Structures";
			sourceTree = "<group>";
		};
		55F66DB120141F6300C4D621 /* Supporting Files */ = {
			isa = PBXGroup;
			children = (
				5539FBB72012870700BACEBA /* AppDelegate.swift */,
				5539FBBE2012870700BACEBA /* Assets.xcassets */,
				5539FBC02012870700BACEBA /* LaunchScreen.storyboard */,
				5539FBC32012870700BACEBA /* Info.plist */,
			);
			path = "Supporting Files";
			sourceTree = "<group>";
		};
/* End PBXGroup section */

/* Begin PBXNativeTarget section */
		5539FBB32012870700BACEBA /* Fireworks */ = {
			isa = PBXNativeTarget;
			buildConfigurationList = 5539FBC62012870700BACEBA /* Build configuration list for PBXNativeTarget "Fireworks" */;
			buildPhases = (
				5539FBB02012870700BACEBA /* Sources */,
				5539FBB12012870700BACEBA /* Frameworks */,
				5539FBB22012870700BACEBA /* Resources */,
			);
			buildRules = (
			);
			dependencies = (
			);
			name = Fireworks;
			productName = Fireworks;
			productReference = 5539FBB42012870700BACEBA /* Fireworks.app */;
			productType = "com.apple.product-type.application";
		};
/* End PBXNativeTarget section */

/* Begin PBXProject section */
		5539FBAC2012870700BACEBA /* Project object */ = {
			isa = PBXProject;
			attributes = {
				LastSwiftUpdateCheck = 0920;
				LastUpgradeCheck = 0930;
				ORGANIZATIONNAME = "Grant Emerson";
				TargetAttributes = {
					5539FBB32012870700BACEBA = {
						CreatedOnToolsVersion = 9.2;
						ProvisioningStyle = Automatic;
					};
				};
			};
			buildConfigurationList = 5539FBAF2012870700BACEBA /* Build configuration list for PBXProject "Fireworks" */;
			compatibilityVersion = "Xcode 8.0";
			developmentRegion = en;
			hasScannedForEncodings = 0;
			knownRegions = (
				en,
				Base,
			);
			mainGroup = 5539FBAB2012870700BACEBA;
			productRefGroup = 5539FBB52012870700BACEBA /* Products */;
			projectDirPath = "";
			projectRoot = "";
			targets = (
				5539FBB32012870700BACEBA /* Fireworks */,
			);
		};
/* End PBXProject section */

/* Begin PBXResourcesBuildPhase section */
		5539FBB22012870700BACEBA /* Resources */ = {
			isa = PBXResourcesBuildPhase;
			buildActionMask = 2147483647;
			files = (
				553197A62058A51B004A8352 /* RapidFire.sks in Resources */,
				5531979F2058A51B004A8352 /* BigO.sks in Resources */,
				553197A92058A51B004A8352 /* SparkEmitter.sks in Resources */,
				553197A72058A51B004A8352 /* RapidFire.wav in Resources */,
				553197A12058A51B004A8352 /* Classic.sks in Resources */,
				553197A02058A51B004A8352 /* BigO.wav in Resources */,
				553197A32058A51B004A8352 /* Crackle.sks in Resources */,
				553197A42058A51B004A8352 /* Crackle.wav in Resources */,
				553197A22058A51B004A8352 /* Classic.wav in Resources */,
				5539FBC22012870700BACEBA /* LaunchScreen.storyboard in Resources */,
				553197A52058A51B004A8352 /* FireworkSmokeEmitter.sks in Resources */,
				553197A82058A51B004A8352 /* SizzlingSparkSound.wav in Resources */,
				5539FBBF2012870700BACEBA /* Assets.xcassets in Resources */,
			);
			runOnlyForDeploymentPostprocessing = 0;
		};
/* End PBXResourcesBuildPhase section */

/* Begin PBXSourcesBuildPhase section */
		5539FBB02012870700BACEBA /* Sources */ = {
			isa = PBXSourcesBuildPhase;
			buildActionMask = 2147483647;
			files = (
				5539FBD22012873800BACEBA /* GradientView.swift in Sources */,
				553197BE2058A5FD004A8352 /* UIViewController+PresentAsPopUp.swift in Sources */,
				553197802058A3E3004A8352 /* InstructionsController.swift in Sources */,
				553197BB2058A5FD004A8352 /* UIView+constrainToEdges.swift in Sources */,
				5539FBD12012873800BACEBA /* ColorPicker.swift in Sources */,
				553197B52058A5FD004A8352 /* UIColor+ColorSet.swift in Sources */,
				553197B92058A5FD004A8352 /* UIColor+ChemicalFormula.swift in Sources */,
				553197BA2058A5FD004A8352 /* CGFloat+RandomDecimal.swift in Sources */,
				5521393C208D162900E804C9 /* UIView+SafeAnchors.swift in Sources */,
				55658DF020156EF10094F8EB /* Country.swift in Sources */,
				5531977E2058A3E3004A8352 /* CulturalExplorationViewController.swift in Sources */,
				553197BF2058A5FD004A8352 /* CGFloat+Positive.swift in Sources */,
				55658DEE201565310094F8EB /* CultureExplorationCollectionViewCell.swift in Sources */,
				553197BC2058A5FD004A8352 /* UIColor+Subtraction.swift in Sources */,
				5539FBCA2012871900BACEBA /* SizingView.swift in Sources */,
				553197B72058A5FD004A8352 /* CGPoint+Random.swift in Sources */,
				553197B62058A5FD004A8352 /* UIColor+Random.swift in Sources */,
				5531977F2058A3E3004A8352 /* FireworksViewController.swift in Sources */,
				553197922058A43D004A8352 /* FireworksScene.swift in Sources */,
				553197B82058A5FD004A8352 /* UIView+addSubviews.swift in Sources */,
				5539FBD42012873800BACEBA /* ColorControlSlider.swift in Sources */,
				553197BD2058A5FD004A8352 /* SKAction+Repeat.swift in Sources */,
				5539FBB82012870700BACEBA /* AppDelegate.swift in Sources */,
				553197822058A3E3004A8352 /* FireworkPickerController.swift in Sources */,
				5539FBDC2012B7BE00BACEBA /* Firework.swift in Sources */,
				553197812058A3E3004A8352 /* CultureCollectionViewLayout.swift in Sources */,
			);
			runOnlyForDeploymentPostprocessing = 0;
		};
/* End PBXSourcesBuildPhase section */

/* Begin PBXVariantGroup section */
		5539FBC02012870700BACEBA /* LaunchScreen.storyboard */ = {
			isa = PBXVariantGroup;
			children = (
				5539FBC12012870700BACEBA /* Base */,
			);
			name = LaunchScreen.storyboard;
			sourceTree = "<group>";
		};
/* End PBXVariantGroup section */

/* Begin XCBuildConfiguration section */
		5539FBC42012870700BACEBA /* Debug */ = {
			isa = XCBuildConfiguration;
			buildSettings = {
				ALWAYS_SEARCH_USER_PATHS = NO;
				CLANG_ANALYZER_NONNULL = YES;
				CLANG_ANALYZER_NUMBER_OBJECT_CONVERSION = YES_AGGRESSIVE;
				CLANG_CXX_LANGUAGE_STANDARD = "gnu++14";
				CLANG_CXX_LIBRARY = "libc++";
				CLANG_ENABLE_MODULES = YES;
				CLANG_ENABLE_OBJC_ARC = YES;
				CLANG_WARN_BLOCK_CAPTURE_AUTORELEASING = YES;
				CLANG_WARN_BOOL_CONVERSION = YES;
				CLANG_WARN_COMMA = YES;
				CLANG_WARN_CONSTANT_CONVERSION = YES;
				CLANG_WARN_DEPRECATED_OBJC_IMPLEMENTATIONS = YES;
				CLANG_WARN_DIRECT_OBJC_ISA_USAGE = YES_ERROR;
				CLANG_WARN_DOCUMENTATION_COMMENTS = YES;
				CLANG_WARN_EMPTY_BODY = YES;
				CLANG_WARN_ENUM_CONVERSION = YES;
				CLANG_WARN_INFINITE_RECURSION = YES;
				CLANG_WARN_INT_CONVERSION = YES;
				CLANG_WARN_NON_LITERAL_NULL_CONVERSION = YES;
				CLANG_WARN_OBJC_IMPLICIT_RETAIN_SELF = YES;
				CLANG_WARN_OBJC_LITERAL_CONVERSION = YES;
				CLANG_WARN_OBJC_ROOT_CLASS = YES_ERROR;
				CLANG_WARN_RANGE_LOOP_ANALYSIS = YES;
				CLANG_WARN_STRICT_PROTOTYPES = YES;
				CLANG_WARN_SUSPICIOUS_MOVE = YES;
				CLANG_WARN_UNGUARDED_AVAILABILITY = YES_AGGRESSIVE;
				CLANG_WARN_UNREACHABLE_CODE = YES;
				CLANG_WARN__DUPLICATE_METHOD_MATCH = YES;
				CODE_SIGN_IDENTITY = "iPhone Developer";
				COPY_PHASE_STRIP = NO;
				DEBUG_INFORMATION_FORMAT = dwarf;
				ENABLE_STRICT_OBJC_MSGSEND = YES;
				ENABLE_TESTABILITY = YES;
				GCC_C_LANGUAGE_STANDARD = gnu11;
				GCC_DYNAMIC_NO_PIC = NO;
				GCC_NO_COMMON_BLOCKS = YES;
				GCC_OPTIMIZATION_LEVEL = 0;
				GCC_PREPROCESSOR_DEFINITIONS = (
					"DEBUG=1",
					"$(inherited)",
				);
				GCC_WARN_64_TO_32_BIT_CONVERSION = YES;
				GCC_WARN_ABOUT_RETURN_TYPE = YES_ERROR;
				GCC_WARN_UNDECLARED_SELECTOR = YES;
				GCC_WARN_UNINITIALIZED_AUTOS = YES_AGGRESSIVE;
				GCC_WARN_UNUSED_FUNCTION = YES;
				GCC_WARN_UNUSED_VARIABLE = YES;
				IPHONEOS_DEPLOYMENT_TARGET = 11.2;
				MTL_ENABLE_DEBUG_INFO = YES;
				ONLY_ACTIVE_ARCH = YES;
				SDKROOT = iphoneos;
				SWIFT_ACTIVE_COMPILATION_CONDITIONS = DEBUG;
				SWIFT_OPTIMIZATION_LEVEL = "-Onone";
			};
			name = Debug;
		};
		5539FBC52012870700BACEBA /* Release */ = {
			isa = XCBuildConfiguration;
			buildSettings = {
				ALWAYS_SEARCH_USER_PATHS = NO;
				CLANG_ANALYZER_NONNULL = YES;
				CLANG_ANALYZER_NUMBER_OBJECT_CONVERSION = YES_AGGRESSIVE;
				CLANG_CXX_LANGUAGE_STANDARD = "gnu++14";
				CLANG_CXX_LIBRARY = "libc++";
				CLANG_ENABLE_MODULES = YES;
				CLANG_ENABLE_OBJC_ARC = YES;
				CLANG_WARN_BLOCK_CAPTURE_AUTORELEASING = YES;
				CLANG_WARN_BOOL_CONVERSION = YES;
				CLANG_WARN_COMMA = YES;
				CLANG_WARN_CONSTANT_CONVERSION = YES;
				CLANG_WARN_DEPRECATED_OBJC_IMPLEMENTATIONS = YES;
				CLANG_WARN_DIRECT_OBJC_ISA_USAGE = YES_ERROR;
				CLANG_WARN_DOCUMENTATION_COMMENTS = YES;
				CLANG_WARN_EMPTY_BODY = YES;
				CLANG_WARN_ENUM_CONVERSION = YES;
				CLANG_WARN_INFINITE_RECURSION = YES;
				CLANG_WARN_INT_CONVERSION = YES;
				CLANG_WARN_NON_LITERAL_NULL_CONVERSION = YES;
				CLANG_WARN_OBJC_IMPLICIT_RETAIN_SELF = YES;
				CLANG_WARN_OBJC_LITERAL_CONVERSION = YES;
				CLANG_WARN_OBJC_ROOT_CLASS = YES_ERROR;
				CLANG_WARN_RANGE_LOOP_ANALYSIS = YES;
				CLANG_WARN_STRICT_PROTOTYPES = YES;
				CLANG_WARN_SUSPICIOUS_MOVE = YES;
				CLANG_WARN_UNGUARDED_AVAILABILITY = YES_AGGRESSIVE;
				CLANG_WARN_UNREACHABLE_CODE = YES;
				CLANG_WARN__DUPLICATE_METHOD_MATCH = YES;
				CODE_SIGN_IDENTITY = "iPhone Developer";
				COPY_PHASE_STRIP = NO;
				DEBUG_INFORMATION_FORMAT = "dwarf-with-dsym";
				ENABLE_NS_ASSERTIONS = NO;
				ENABLE_STRICT_OBJC_MSGSEND = YES;
				GCC_C_LANGUAGE_STANDARD = gnu11;
				GCC_NO_COMMON_BLOCKS = YES;
				GCC_WARN_64_TO_32_BIT_CONVERSION = YES;
				GCC_WARN_ABOUT_RETURN_TYPE = YES_ERROR;
				GCC_WARN_UNDECLARED_SELECTOR = YES;
				GCC_WARN_UNINITIALIZED_AUTOS = YES_AGGRESSIVE;
				GCC_WARN_UNUSED_FUNCTION = YES;
				GCC_WARN_UNUSED_VARIABLE = YES;
				IPHONEOS_DEPLOYMENT_TARGET = 11.2;
				MTL_ENABLE_DEBUG_INFO = NO;
				SDKROOT = iphoneos;
				SWIFT_OPTIMIZATION_LEVEL = "-Owholemodule";
				VALIDATE_PRODUCT = YES;
			};
			name = Release;
		};
		5539FBC72012870700BACEBA /* Debug */ = {
			isa = XCBuildConfiguration;
			buildSettings = {
				ASSETCATALOG_COMPILER_APPICON_NAME = AppIcon;
				CODE_SIGN_STYLE = Automatic;
				DEVELOPMENT_TEAM = ZYV5DKZMAY;
				INFOPLIST_FILE = "$(SRCROOT)/Fireworks/Supporting Files/Info.plist";
				IPHONEOS_DEPLOYMENT_TARGET = 9.3;
				LD_RUNPATH_SEARCH_PATHS = "$(inherited) @executable_path/Frameworks";
				PRODUCT_BUNDLE_IDENTIFIER = com.CelebrityGames.Fireworks;
				PRODUCT_NAME = "$(TARGET_NAME)";
				SWIFT_VERSION = 4.0;
				TARGETED_DEVICE_FAMILY = "1,2";
			};
			name = Debug;
		};
		5539FBC82012870700BACEBA /* Release */ = {
			isa = XCBuildConfiguration;
			buildSettings = {
				ASSETCATALOG_COMPILER_APPICON_NAME = AppIcon;
				CODE_SIGN_STYLE = Automatic;
				DEVELOPMENT_TEAM = ZYV5DKZMAY;
				INFOPLIST_FILE = "$(SRCROOT)/Fireworks/Supporting Files/Info.plist";
				IPHONEOS_DEPLOYMENT_TARGET = 9.3;
				LD_RUNPATH_SEARCH_PATHS = "$(inherited) @executable_path/Frameworks";
				PRODUCT_BUNDLE_IDENTIFIER = com.CelebrityGames.Fireworks;
				PRODUCT_NAME = "$(TARGET_NAME)";
				SWIFT_VERSION = 4.0;
				TARGETED_DEVICE_FAMILY = "1,2";
			};
			name = Release;
		};
/* End XCBuildConfiguration section */

/* Begin XCConfigurationList section */
		5539FBAF2012870700BACEBA /* Build configuration list for PBXProject "Fireworks" */ = {
			isa = XCConfigurationList;
			buildConfigurations = (
				5539FBC42012870700BACEBA /* Debug */,
				5539FBC52012870700BACEBA /* Release */,
			);
			defaultConfigurationIsVisible = 0;
			defaultConfigurationName = Release;
		};
		5539FBC62012870700BACEBA /* Build configuration list for PBXNativeTarget "Fireworks" */ = {
			isa = XCConfigurationList;
			buildConfigurations = (
				5539FBC72012870700BACEBA /* Debug */,
				5539FBC82012870700BACEBA /* Release */,
			);
			defaultConfigurationIsVisible = 0;
			defaultConfigurationName = Release;
		};
/* End XCConfigurationList section */
	};
	rootObject = 5539FBAC2012870700BACEBA /* Project object */;
}
